
Microsoft Visual Studio Solution File, Format Version 12.00
# Visual Studio Version 17
VisualStudioVersion = 17.1.32210.238
MinimumVisualStudioVersion = 10.0.40219.1
Project("{9A19103F-16F7-4668-BE54-9A1E7A4F7556}") = "RideWithMe.DAL", "RideWithMe.DAL\RideWithMe.DAL.csproj", "{EC41B30B-44D5-478C-A8A2-645111254B64}"
EndProject
Project("{9A19103F-16F7-4668-BE54-9A1E7A4F7556}") = "RideWithMe.Common", "RideWithMe.Common\RideWithMe.Common.csproj", "{6175F646-1F57-4933-A1F1-D1CE4E141294}"
EndProject
Project("{9A19103F-16F7-4668-BE54-9A1E7A4F7556}") = "RideWithMe.Common.Tests", "RideWithMe.Common.Tests\RideWithMe.Common.Tests.csproj", "{624EFC6A-8162-43FB-93F2-615BD7F1454B}"
EndProject
Project("{9A19103F-16F7-4668-BE54-9A1E7A4F7556}") = "RideWithMe.DAL.Tests", "RideWithMe.DAL.Tests\RideWithMe.DAL.Tests.csproj", "{0C19DC82-B14A-4B9E-896B-069004529D06}"
EndProject
Project("{2150E333-8FDC-42A3-9474-1A3956D46DE8}") = "Tests", "Tests", "{1C3D677D-58AB-4D79-9FBE-F0EDC7BA394F}"
EndProject
Project("{2150E333-8FDC-42A3-9474-1A3956D46DE8}") = "App", "App", "{64250736-6ABC-4C8C-AD5F-A8E4FE210652}"
EndProject
Project("{9A19103F-16F7-4668-BE54-9A1E7A4F7556}") = "RideWithMe.BL", "RideWithMe.BL\RideWithMe.BL.csproj", "{8A41458A-C345-4DF7-9208-55A1F0ACECD3}"
EndProject
Project("{9A19103F-16F7-4668-BE54-9A1E7A4F7556}") = "RideWithMe.BL.Tests", "RideWithMe.BL.Tests\RideWithMe.BL.Tests.csproj", "{2596C1AC-A9DA-47BF-951C-420ED5AFDA85}"
EndProject
Project("{9A19103F-16F7-4668-BE54-9A1E7A4F7556}") = "RideWithMe.App", "RideWithMe.App\RideWithMe.App.csproj", "{BC3FBB3A-841A-42DD-9B8B-94ADFAAD163F}"
EndProject
Global
	GlobalSection(SolutionConfigurationPlatforms) = preSolution
		Debug|Any CPU = Debug|Any CPU
		Release|Any CPU = Release|Any CPU
	EndGlobalSection
	GlobalSection(ProjectConfigurationPlatforms) = postSolution
		{EC41B30B-44D5-478C-A8A2-645111254B64}.Debug|Any CPU.ActiveCfg = Debug|Any CPU
		{EC41B30B-44D5-478C-A8A2-645111254B64}.Debug|Any CPU.Build.0 = Debug|Any CPU
		{EC41B30B-44D5-478C-A8A2-645111254B64}.Release|Any CPU.ActiveCfg = Release|Any CPU
		{EC41B30B-44D5-478C-A8A2-645111254B64}.Release|Any CPU.Build.0 = Release|Any CPU
		{6175F646-1F57-4933-A1F1-D1CE4E141294}.Debug|Any CPU.ActiveCfg = Debug|Any CPU
		{6175F646-1F57-4933-A1F1-D1CE4E141294}.Debug|Any CPU.Build.0 = Debug|Any CPU
		{6175F646-1F57-4933-A1F1-D1CE4E141294}.Release|Any CPU.ActiveCfg = Release|Any CPU
		{6175F646-1F57-4933-A1F1-D1CE4E141294}.Release|Any CPU.Build.0 = Release|Any CPU
		{624EFC6A-8162-43FB-93F2-615BD7F1454B}.Debug|Any CPU.ActiveCfg = Debug|Any CPU
		{624EFC6A-8162-43FB-93F2-615BD7F1454B}.Debug|Any CPU.Build.0 = Debug|Any CPU
		{624EFC6A-8162-43FB-93F2-615BD7F1454B}.Release|Any CPU.ActiveCfg = Release|Any CPU
		{624EFC6A-8162-43FB-93F2-615BD7F1454B}.Release|Any CPU.Build.0 = Release|Any CPU
		{0C19DC82-B14A-4B9E-896B-069004529D06}.Debug|Any CPU.ActiveCfg = Debug|Any CPU
		{0C19DC82-B14A-4B9E-896B-069004529D06}.Debug|Any CPU.Build.0 = Debug|Any CPU
		{0C19DC82-B14A-4B9E-896B-069004529D06}.Release|Any CPU.ActiveCfg = Release|Any CPU
		{0C19DC82-B14A-4B9E-896B-069004529D06}.Release|Any CPU.Build.0 = Release|Any CPU
		{8A41458A-C345-4DF7-9208-55A1F0ACECD3}.Debug|Any CPU.ActiveCfg = Debug|Any CPU
		{8A41458A-C345-4DF7-9208-55A1F0ACECD3}.Debug|Any CPU.Build.0 = Debug|Any CPU
		{8A41458A-C345-4DF7-9208-55A1F0ACECD3}.Release|Any CPU.ActiveCfg = Release|Any CPU
		{8A41458A-C345-4DF7-9208-55A1F0ACECD3}.Release|Any CPU.Build.0 = Release|Any CPU
		{2596C1AC-A9DA-47BF-951C-420ED5AFDA85}.Debug|Any CPU.ActiveCfg = Debug|Any CPU
		{2596C1AC-A9DA-47BF-951C-420ED5AFDA85}.Debug|Any CPU.Build.0 = Debug|Any CPU
		{2596C1AC-A9DA-47BF-951C-420ED5AFDA85}.Release|Any CPU.ActiveCfg = Release|Any CPU
		{2596C1AC-A9DA-47BF-951C-420ED5AFDA85}.Release|Any CPU.Build.0 = Release|Any CPU
		{BC3FBB3A-841A-42DD-9B8B-94ADFAAD163F}.Debug|Any CPU.ActiveCfg = Debug|Any CPU
		{BC3FBB3A-841A-42DD-9B8B-94ADFAAD163F}.Debug|Any CPU.Build.0 = Debug|Any CPU
		{BC3FBB3A-841A-42DD-9B8B-94ADFAAD163F}.Release|Any CPU.ActiveCfg = Release|Any CPU
		{BC3FBB3A-841A-42DD-9B8B-94ADFAAD163F}.Release|Any CPU.Build.0 = Release|Any CPU
	EndGlobalSection
	GlobalSection(SolutionProperties) = preSolution
		HideSolutionNode = FALSE
	EndGlobalSection
	GlobalSection(NestedProjects) = preSolution
		{EC41B30B-44D5-478C-A8A2-645111254B64} = {64250736-6ABC-4C8C-AD5F-A8E4FE210652}
		{6175F646-1F57-4933-A1F1-D1CE4E141294} = {64250736-6ABC-4C8C-AD5F-A8E4FE210652}
		{624EFC6A-8162-43FB-93F2-615BD7F1454B} = {1C3D677D-58AB-4D79-9FBE-F0EDC7BA394F}
		{0C19DC82-B14A-4B9E-896B-069004529D06} = {1C3D677D-58AB-4D79-9FBE-F0EDC7BA394F}
		{8A41458A-C345-4DF7-9208-55A1F0ACECD3} = {64250736-6ABC-4C8C-AD5F-A8E4FE210652}
		{2596C1AC-A9DA-47BF-951C-420ED5AFDA85} = {1C3D677D-58AB-4D79-9FBE-F0EDC7BA394F}
		{BC3FBB3A-841A-42DD-9B8B-94ADFAAD163F} = {64250736-6ABC-4C8C-AD5F-A8E4FE210652}
	EndGlobalSection
	GlobalSection(ExtensibilityGlobals) = postSolution
		SolutionGuid = {5566D55E-4BA8-42B2-91FC-3EC5750A85DD}
	EndGlobalSection
EndGlobal
